
Microsoft Visual Studio Solution File, Format Version 12.00
Project("{FAE04EC0-301F-11D3-BF4B-00C04F79EFBC}") = "MailAgent.Api", "MailAgent.Api\MailAgent.Api.csproj", "{9385D42F-B16B-4813-A25F-352413B33A50}"
EndProject
Project("{FAE04EC0-301F-11D3-BF4B-00C04F79EFBC}") = "MailAgent.Database", "MailAgent.Database\MailAgent.Database.csproj", "{29EB4F93-B5FA-49A3-B6D9-85E091475507}"
EndProject
Project("{2150E333-8FDC-42A3-9474-1A3956D46DE8}") = "Solution Items", "Solution Items", "{C1F9D89E-F0A3-4E73-B02A-C55AC96073D4}"
	ProjectSection(SolutionItems) = preProject
		.dockerignore = .dockerignore
		Dockerfile = Dockerfile
		compose.yaml = compose.yaml
	EndProjectSection
EndProject
Project("{2150E333-8FDC-42A3-9474-1A3956D46DE8}") = "Persistence", "Persistence", "{2405B230-F803-4841-94C8-8E56163BB941}"
EndProject
Project("{FAE04EC0-301F-11D3-BF4B-00C04F79EFBC}") = "MailAgent.Database.PostgreSql", "MailAgent.Database.PostgreSql\MailAgent.Database.PostgreSql.csproj", "{70E81D2D-0AA1-40E8-8F9A-49F838939622}"
EndProject
Project("{FAE04EC0-301F-11D3-BF4B-00C04F79EFBC}") = "MailAgent.Application", "MailAgent.Application\MailAgent.Application.csproj", "{4FD4BFD7-3E07-4C18-AF78-95E6D85FDCCF}"
EndProject
Project("{FAE04EC0-301F-11D3-BF4B-00C04F79EFBC}") = "MailAgent.Mail", "MailAgent.Mail\MailAgent.Mail.csproj", "{67A7F4FB-7C6A-4CF8-B7E3-6DBA065A0EB7}"
EndProject
Project("{2150E333-8FDC-42A3-9474-1A3956D46DE8}") = "Tests", "Tests", "{2621B2F1-1853-48B1-82E6-67E7AA645219}"
EndProject
Project("{FAE04EC0-301F-11D3-BF4B-00C04F79EFBC}") = "MailAgent.Application.Tests", "MailAgent.Application.Tests\MailAgent.Application.Tests.csproj", "{735CAC7C-B03E-4CE2-84ED-5D394FCB89F2}"
EndProject
Project("{FAE04EC0-301F-11D3-BF4B-00C04F79EFBC}") = "MailAgent.Api.Tests", "MailAgent.Api.Tests\MailAgent.Api.Tests.csproj", "{8EAE89B2-9CFD-4DF9-AF94-D884F9B98045}"
EndProject
Project("{FAE04EC0-301F-11D3-BF4B-00C04F79EFBC}") = "MailAgent.Database.Tests", "MailAgent.Database.Tests\MailAgent.Database.Tests.csproj", "{C26BD339-0E52-4601-94C8-D703598DEBEE}"
EndProject
Project("{FAE04EC0-301F-11D3-BF4B-00C04F79EFBC}") = "MailAgent.Mail.Tests", "MailAgent.Mail.Tests\MailAgent.Mail.Tests.csproj", "{EE6AA894-C9D6-4F3F-9460-67A88EB8B1A0}"
EndProject
Project("{FAE04EC0-301F-11D3-BF4B-00C04F79EFBC}") = "MailAgent.Web", "MailAgent.Web\MailAgent.Web.csproj", "{86C63264-B29F-4C4F-838D-D98DB3FBC51A}"
EndProject
Global
	GlobalSection(SolutionConfigurationPlatforms) = preSolution
		Debug|Any CPU = Debug|Any CPU
		Debug|x64 = Debug|x64
		Debug|x86 = Debug|x86
		Release|Any CPU = Release|Any CPU
		Release|x64 = Release|x64
		Release|x86 = Release|x86
	EndGlobalSection
	GlobalSection(ProjectConfigurationPlatforms) = postSolution
		{9385D42F-B16B-4813-A25F-352413B33A50}.Debug|Any CPU.ActiveCfg = Debug|Any CPU
		{9385D42F-B16B-4813-A25F-352413B33A50}.Debug|Any CPU.Build.0 = Debug|Any CPU
		{9385D42F-B16B-4813-A25F-352413B33A50}.Debug|x64.ActiveCfg = Debug|Any CPU
		{9385D42F-B16B-4813-A25F-352413B33A50}.Debug|x64.Build.0 = Debug|Any CPU
		{9385D42F-B16B-4813-A25F-352413B33A50}.Debug|x86.ActiveCfg = Debug|Any CPU
		{9385D42F-B16B-4813-A25F-352413B33A50}.Debug|x86.Build.0 = Debug|Any CPU
		{9385D42F-B16B-4813-A25F-352413B33A50}.Release|Any CPU.ActiveCfg = Release|Any CPU
		{9385D42F-B16B-4813-A25F-352413B33A50}.Release|Any CPU.Build.0 = Release|Any CPU
		{9385D42F-B16B-4813-A25F-352413B33A50}.Release|x64.ActiveCfg = Release|Any CPU
		{9385D42F-B16B-4813-A25F-352413B33A50}.Release|x64.Build.0 = Release|Any CPU
		{9385D42F-B16B-4813-A25F-352413B33A50}.Release|x86.ActiveCfg = Release|Any CPU
		{9385D42F-B16B-4813-A25F-352413B33A50}.Release|x86.Build.0 = Release|Any CPU
		{29EB4F93-B5FA-49A3-B6D9-85E091475507}.Debug|Any CPU.ActiveCfg = Debug|Any CPU
		{29EB4F93-B5FA-49A3-B6D9-85E091475507}.Debug|Any CPU.Build.0 = Debug|Any CPU
		{29EB4F93-B5FA-49A3-B6D9-85E091475507}.Debug|x64.ActiveCfg = Debug|Any CPU
		{29EB4F93-B5FA-49A3-B6D9-85E091475507}.Debug|x64.Build.0 = Debug|Any CPU
		{29EB4F93-B5FA-49A3-B6D9-85E091475507}.Debug|x86.ActiveCfg = Debug|Any CPU
		{29EB4F93-B5FA-49A3-B6D9-85E091475507}.Debug|x86.Build.0 = Debug|Any CPU
		{29EB4F93-B5FA-49A3-B6D9-85E091475507}.Release|Any CPU.ActiveCfg = Release|Any CPU
		{29EB4F93-B5FA-49A3-B6D9-85E091475507}.Release|Any CPU.Build.0 = Release|Any CPU
		{29EB4F93-B5FA-49A3-B6D9-85E091475507}.Release|x64.ActiveCfg = Release|Any CPU
		{29EB4F93-B5FA-49A3-B6D9-85E091475507}.Release|x64.Build.0 = Release|Any CPU
		{29EB4F93-B5FA-49A3-B6D9-85E091475507}.Release|x86.ActiveCfg = Release|Any CPU
		{29EB4F93-B5FA-49A3-B6D9-85E091475507}.Release|x86.Build.0 = Release|Any CPU
		{70E81D2D-0AA1-40E8-8F9A-49F838939622}.Debug|Any CPU.ActiveCfg = Debug|Any CPU
		{70E81D2D-0AA1-40E8-8F9A-49F838939622}.Debug|Any CPU.Build.0 = Debug|Any CPU
		{70E81D2D-0AA1-40E8-8F9A-49F838939622}.Debug|x64.ActiveCfg = Debug|Any CPU
		{70E81D2D-0AA1-40E8-8F9A-49F838939622}.Debug|x64.Build.0 = Debug|Any CPU
		{70E81D2D-0AA1-40E8-8F9A-49F838939622}.Debug|x86.ActiveCfg = Debug|Any CPU
		{70E81D2D-0AA1-40E8-8F9A-49F838939622}.Debug|x86.Build.0 = Debug|Any CPU
		{70E81D2D-0AA1-40E8-8F9A-49F838939622}.Release|Any CPU.ActiveCfg = Release|Any CPU
		{70E81D2D-0AA1-40E8-8F9A-49F838939622}.Release|Any CPU.Build.0 = Release|Any CPU
		{70E81D2D-0AA1-40E8-8F9A-49F838939622}.Release|x64.ActiveCfg = Release|Any CPU
		{70E81D2D-0AA1-40E8-8F9A-49F838939622}.Release|x64.Build.0 = Release|Any CPU
		{70E81D2D-0AA1-40E8-8F9A-49F838939622}.Release|x86.ActiveCfg = Release|Any CPU
		{70E81D2D-0AA1-40E8-8F9A-49F838939622}.Release|x86.Build.0 = Release|Any CPU
		{4FD4BFD7-3E07-4C18-AF78-95E6D85FDCCF}.Debug|Any CPU.ActiveCfg = Debug|Any CPU
		{4FD4BFD7-3E07-4C18-AF78-95E6D85FDCCF}.Debug|Any CPU.Build.0 = Debug|Any CPU
		{4FD4BFD7-3E07-4C18-AF78-95E6D85FDCCF}.Debug|x64.ActiveCfg = Debug|Any CPU
		{4FD4BFD7-3E07-4C18-AF78-95E6D85FDCCF}.Debug|x64.Build.0 = Debug|Any CPU
		{4FD4BFD7-3E07-4C18-AF78-95E6D85FDCCF}.Debug|x86.ActiveCfg = Debug|Any CPU
		{4FD4BFD7-3E07-4C18-AF78-95E6D85FDCCF}.Debug|x86.Build.0 = Debug|Any CPU
		{4FD4BFD7-3E07-4C18-AF78-95E6D85FDCCF}.Release|Any CPU.ActiveCfg = Release|Any CPU
		{4FD4BFD7-3E07-4C18-AF78-95E6D85FDCCF}.Release|Any CPU.Build.0 = Release|Any CPU
		{4FD4BFD7-3E07-4C18-AF78-95E6D85FDCCF}.Release|x64.ActiveCfg = Release|Any CPU
		{4FD4BFD7-3E07-4C18-AF78-95E6D85FDCCF}.Release|x64.Build.0 = Release|Any CPU
		{4FD4BFD7-3E07-4C18-AF78-95E6D85FDCCF}.Release|x86.ActiveCfg = Release|Any CPU
		{4FD4BFD7-3E07-4C18-AF78-95E6D85FDCCF}.Release|x86.Build.0 = Release|Any CPU
		{67A7F4FB-7C6A-4CF8-B7E3-6DBA065A0EB7}.Debug|Any CPU.ActiveCfg = Debug|Any CPU
		{67A7F4FB-7C6A-4CF8-B7E3-6DBA065A0EB7}.Debug|Any CPU.Build.0 = Debug|Any CPU
		{67A7F4FB-7C6A-4CF8-B7E3-6DBA065A0EB7}.Debug|x64.ActiveCfg = Debug|Any CPU
		{67A7F4FB-7C6A-4CF8-B7E3-6DBA065A0EB7}.Debug|x64.Build.0 = Debug|Any CPU
		{67A7F4FB-7C6A-4CF8-B7E3-6DBA065A0EB7}.Debug|x86.ActiveCfg = Debug|Any CPU
		{67A7F4FB-7C6A-4CF8-B7E3-6DBA065A0EB7}.Debug|x86.Build.0 = Debug|Any CPU
		{67A7F4FB-7C6A-4CF8-B7E3-6DBA065A0EB7}.Release|Any CPU.ActiveCfg = Release|Any CPU
		{67A7F4FB-7C6A-4CF8-B7E3-6DBA065A0EB7}.Release|Any CPU.Build.0 = Release|Any CPU
		{67A7F4FB-7C6A-4CF8-B7E3-6DBA065A0EB7}.Release|x64.ActiveCfg = Release|Any CPU
		{67A7F4FB-7C6A-4CF8-B7E3-6DBA065A0EB7}.Release|x64.Build.0 = Release|Any CPU
		{67A7F4FB-7C6A-4CF8-B7E3-6DBA065A0EB7}.Release|x86.ActiveCfg = Release|Any CPU
		{67A7F4FB-7C6A-4CF8-B7E3-6DBA065A0EB7}.Release|x86.Build.0 = Release|Any CPU
		{735CAC7C-B03E-4CE2-84ED-5D394FCB89F2}.Debug|Any CPU.ActiveCfg = Debug|Any CPU
		{735CAC7C-B03E-4CE2-84ED-5D394FCB89F2}.Debug|Any CPU.Build.0 = Debug|Any CPU
		{735CAC7C-B03E-4CE2-84ED-5D394FCB89F2}.Debug|x64.ActiveCfg = Debug|Any CPU
		{735CAC7C-B03E-4CE2-84ED-5D394FCB89F2}.Debug|x64.Build.0 = Debug|Any CPU
		{735CAC7C-B03E-4CE2-84ED-5D394FCB89F2}.Debug|x86.ActiveCfg = Debug|Any CPU
		{735CAC7C-B03E-4CE2-84ED-5D394FCB89F2}.Debug|x86.Build.0 = Debug|Any CPU
		{735CAC7C-B03E-4CE2-84ED-5D394FCB89F2}.Release|Any CPU.ActiveCfg = Release|Any CPU
		{735CAC7C-B03E-4CE2-84ED-5D394FCB89F2}.Release|Any CPU.Build.0 = Release|Any CPU
		{735CAC7C-B03E-4CE2-84ED-5D394FCB89F2}.Release|x64.ActiveCfg = Release|Any CPU
		{735CAC7C-B03E-4CE2-84ED-5D394FCB89F2}.Release|x64.Build.0 = Release|Any CPU
		{735CAC7C-B03E-4CE2-84ED-5D394FCB89F2}.Release|x86.ActiveCfg = Release|Any CPU
		{735CAC7C-B03E-4CE2-84ED-5D394FCB89F2}.Release|x86.Build.0 = Release|Any CPU
		{8EAE89B2-9CFD-4DF9-AF94-D884F9B98045}.Debug|Any CPU.ActiveCfg = Debug|Any CPU
		{8EAE89B2-9CFD-4DF9-AF94-D884F9B98045}.Debug|Any CPU.Build.0 = Debug|Any CPU
		{8EAE89B2-9CFD-4DF9-AF94-D884F9B98045}.Debug|x64.ActiveCfg = Debug|Any CPU
		{8EAE89B2-9CFD-4DF9-AF94-D884F9B98045}.Debug|x64.Build.0 = Debug|Any CPU
		{8EAE89B2-9CFD-4DF9-AF94-D884F9B98045}.Debug|x86.ActiveCfg = Debug|Any CPU
		{8EAE89B2-9CFD-4DF9-AF94-D884F9B98045}.Debug|x86.Build.0 = Debug|Any CPU
		{8EAE89B2-9CFD-4DF9-AF94-D884F9B98045}.Release|Any CPU.ActiveCfg = Release|Any CPU
		{8EAE89B2-9CFD-4DF9-AF94-D884F9B98045}.Release|Any CPU.Build.0 = Release|Any CPU
		{8EAE89B2-9CFD-4DF9-AF94-D884F9B98045}.Release|x64.ActiveCfg = Release|Any CPU
		{8EAE89B2-9CFD-4DF9-AF94-D884F9B98045}.Release|x64.Build.0 = Release|Any CPU
		{8EAE89B2-9CFD-4DF9-AF94-D884F9B98045}.Release|x86.ActiveCfg = Release|Any CPU
		{8EAE89B2-9CFD-4DF9-AF94-D884F9B98045}.Release|x86.Build.0 = Release|Any CPU
		{C26BD339-0E52-4601-94C8-D703598DEBEE}.Debug|Any CPU.ActiveCfg = Debug|Any CPU
		{C26BD339-0E52-4601-94C8-D703598DEBEE}.Debug|Any CPU.Build.0 = Debug|Any CPU
		{C26BD339-0E52-4601-94C8-D703598DEBEE}.Debug|x64.ActiveCfg = Debug|Any CPU
		{C26BD339-0E52-4601-94C8-D703598DEBEE}.Debug|x64.Build.0 = Debug|Any CPU
		{C26BD339-0E52-4601-94C8-D703598DEBEE}.Debug|x86.ActiveCfg = Debug|Any CPU
		{C26BD339-0E52-4601-94C8-D703598DEBEE}.Debug|x86.Build.0 = Debug|Any CPU
		{C26BD339-0E52-4601-94C8-D703598DEBEE}.Release|Any CPU.ActiveCfg = Release|Any CPU
		{C26BD339-0E52-4601-94C8-D703598DEBEE}.Release|Any CPU.Build.0 = Release|Any CPU
		{C26BD339-0E52-4601-94C8-D703598DEBEE}.Release|x64.ActiveCfg = Release|Any CPU
		{C26BD339-0E52-4601-94C8-D703598DEBEE}.Release|x64.Build.0 = Release|Any CPU
		{C26BD339-0E52-4601-94C8-D703598DEBEE}.Release|x86.ActiveCfg = Release|Any CPU
		{C26BD339-0E52-4601-94C8-D703598DEBEE}.Release|x86.Build.0 = Release|Any CPU
		{EE6AA894-C9D6-4F3F-9460-67A88EB8B1A0}.Debug|Any CPU.ActiveCfg = Debug|Any CPU
		{EE6AA894-C9D6-4F3F-9460-67A88EB8B1A0}.Debug|Any CPU.Build.0 = Debug|Any CPU
		{EE6AA894-C9D6-4F3F-9460-67A88EB8B1A0}.Debug|x64.ActiveCfg = Debug|Any CPU
		{EE6AA894-C9D6-4F3F-9460-67A88EB8B1A0}.Debug|x64.Build.0 = Debug|Any CPU
		{EE6AA894-C9D6-4F3F-9460-67A88EB8B1A0}.Debug|x86.ActiveCfg = Debug|Any CPU
		{EE6AA894-C9D6-4F3F-9460-67A88EB8B1A0}.Debug|x86.Build.0 = Debug|Any CPU
		{EE6AA894-C9D6-4F3F-9460-67A88EB8B1A0}.Release|Any CPU.ActiveCfg = Release|Any CPU
		{EE6AA894-C9D6-4F3F-9460-67A88EB8B1A0}.Release|Any CPU.Build.0 = Release|Any CPU
		{EE6AA894-C9D6-4F3F-9460-67A88EB8B1A0}.Release|x64.ActiveCfg = Release|Any CPU
		{EE6AA894-C9D6-4F3F-9460-67A88EB8B1A0}.Release|x64.Build.0 = Release|Any CPU
		{EE6AA894-C9D6-4F3F-9460-67A88EB8B1A0}.Release|x86.ActiveCfg = Release|Any CPU
		{EE6AA894-C9D6-4F3F-9460-67A88EB8B1A0}.Release|x86.Build.0 = Release|Any CPU
		{86C63264-B29F-4C4F-838D-D98DB3FBC51A}.Debug|Any CPU.ActiveCfg = Debug|Any CPU
		{86C63264-B29F-4C4F-838D-D98DB3FBC51A}.Debug|Any CPU.Build.0 = Debug|Any CPU
		{86C63264-B29F-4C4F-838D-D98DB3FBC51A}.Debug|x64.ActiveCfg = Debug|Any CPU
		{86C63264-B29F-4C4F-838D-D98DB3FBC51A}.Debug|x64.Build.0 = Debug|Any CPU
		{86C63264-B29F-4C4F-838D-D98DB3FBC51A}.Debug|x86.ActiveCfg = Debug|Any CPU
		{86C63264-B29F-4C4F-838D-D98DB3FBC51A}.Debug|x86.Build.0 = Debug|Any CPU
		{86C63264-B29F-4C4F-838D-D98DB3FBC51A}.Release|Any CPU.ActiveCfg = Release|Any CPU
		{86C63264-B29F-4C4F-838D-D98DB3FBC51A}.Release|Any CPU.Build.0 = Release|Any CPU
		{86C63264-B29F-4C4F-838D-D98DB3FBC51A}.Release|x64.ActiveCfg = Release|Any CPU
		{86C63264-B29F-4C4F-838D-D98DB3FBC51A}.Release|x64.Build.0 = Release|Any CPU
		{86C63264-B29F-4C4F-838D-D98DB3FBC51A}.Release|x86.ActiveCfg = Release|Any CPU
		{86C63264-B29F-4C4F-838D-D98DB3FBC51A}.Release|x86.Build.0 = Release|Any CPU
	EndGlobalSection
	GlobalSection(SolutionProperties) = preSolution
		HideSolutionNode = FALSE
	EndGlobalSection
	GlobalSection(NestedProjects) = preSolution
		{29EB4F93-B5FA-49A3-B6D9-85E091475507} = {2405B230-F803-4841-94C8-8E56163BB941}
		{70E81D2D-0AA1-40E8-8F9A-49F838939622} = {2405B230-F803-4841-94C8-8E56163BB941}
		{735CAC7C-B03E-4CE2-84ED-5D394FCB89F2} = {2621B2F1-1853-48B1-82E6-67E7AA645219}
		{8EAE89B2-9CFD-4DF9-AF94-D884F9B98045} = {2621B2F1-1853-48B1-82E6-67E7AA645219}
		{C26BD339-0E52-4601-94C8-D703598DEBEE} = {2621B2F1-1853-48B1-82E6-67E7AA645219}
		{EE6AA894-C9D6-4F3F-9460-67A88EB8B1A0} = {2621B2F1-1853-48B1-82E6-67E7AA645219}
	EndGlobalSection
EndGlobal
