
Microsoft Visual Studio Solution File, Format Version 12.00
Project("{FAE04EC0-301F-11D3-BF4B-00C04F79EFBC}") = "MailAgent.App", "MailAgent.App\MailAgent.App.csproj", "{9385D42F-B16B-4813-A25F-352413B33A50}"
EndProject
Project("{FAE04EC0-301F-11D3-BF4B-00C04F79EFBC}") = "MailAgent.Database", "MailAgent.Database\MailAgent.Database.csproj", "{29EB4F93-B5FA-49A3-B6D9-85E091475507}"
EndProject
Project("{2150E333-8FDC-42A3-9474-1A3956D46DE8}") = "Solution Items", "Solution Items", "{C1F9D89E-F0A3-4E73-B02A-C55AC96073D4}"
	ProjectSection(SolutionItems) = preProject
		compose.yaml = compose.yaml
	EndProjectSection
EndProject
Project("{2150E333-8FDC-42A3-9474-1A3956D46DE8}") = "Persistence", "Persistence", "{2405B230-F803-4841-94C8-8E56163BB941}"
EndProject
Project("{FAE04EC0-301F-11D3-BF4B-00C04F79EFBC}") = "MailAgent.Database.PostgreSql", "MailAgent.Database.PostgreSql\MailAgent.Database.PostgreSql.csproj", "{70E81D2D-0AA1-40E8-8F9A-49F838939622}"
EndProject
Global
	GlobalSection(SolutionConfigurationPlatforms) = preSolution
		Debug|Any CPU = Debug|Any CPU
		Release|Any CPU = Release|Any CPU
	EndGlobalSection
	GlobalSection(ProjectConfigurationPlatforms) = postSolution
		{9385D42F-B16B-4813-A25F-352413B33A50}.Debug|Any CPU.ActiveCfg = Debug|Any CPU
		{9385D42F-B16B-4813-A25F-352413B33A50}.Debug|Any CPU.Build.0 = Debug|Any CPU
		{9385D42F-B16B-4813-A25F-352413B33A50}.Release|Any CPU.ActiveCfg = Release|Any CPU
		{9385D42F-B16B-4813-A25F-352413B33A50}.Release|Any CPU.Build.0 = Release|Any CPU
		{29EB4F93-B5FA-49A3-B6D9-85E091475507}.Debug|Any CPU.ActiveCfg = Debug|Any CPU
		{29EB4F93-B5FA-49A3-B6D9-85E091475507}.Debug|Any CPU.Build.0 = Debug|Any CPU
		{29EB4F93-B5FA-49A3-B6D9-85E091475507}.Release|Any CPU.ActiveCfg = Release|Any CPU
		{29EB4F93-B5FA-49A3-B6D9-85E091475507}.Release|Any CPU.Build.0 = Release|Any CPU
		{70E81D2D-0AA1-40E8-8F9A-49F838939622}.Debug|Any CPU.ActiveCfg = Debug|Any CPU
		{70E81D2D-0AA1-40E8-8F9A-49F838939622}.Debug|Any CPU.Build.0 = Debug|Any CPU
		{70E81D2D-0AA1-40E8-8F9A-49F838939622}.Release|Any CPU.ActiveCfg = Release|Any CPU
		{70E81D2D-0AA1-40E8-8F9A-49F838939622}.Release|Any CPU.Build.0 = Release|Any CPU
	EndGlobalSection
	GlobalSection(NestedProjects) = preSolution
		{29EB4F93-B5FA-49A3-B6D9-85E091475507} = {2405B230-F803-4841-94C8-8E56163BB941}
		{70E81D2D-0AA1-40E8-8F9A-49F838939622} = {2405B230-F803-4841-94C8-8E56163BB941}
	EndGlobalSection
EndGlobal
